// !$*UTF8*$!
{
	archiveVersion = 1;
	classes = {
	};
	objectVersion = 70;
	objects = {

/* Begin PBXBuildFile section */
		093A99AE24D46FA600ADBB0A /* AsyncState.swift in Sources */ = {isa = PBXBuildFile; fileRef = 093A99AD24D46FA600ADBB0A /* AsyncState.swift */; };
		0944684724CDE16100CB9D9F /* UserPinList.swift in Sources */ = {isa = PBXBuildFile; fileRef = 0944684624CDE16100CB9D9F /* UserPinList.swift */; };
		094855D224D0E99F00C38309 /* PromiseKit in Frameworks */ = {isa = PBXBuildFile; productRef = 094855D124D0E99F00C38309 /* PromiseKit */; };
		094855D724D102C700C38309 /* ParsedPage.swift in Sources */ = {isa = PBXBuildFile; fileRef = 094855D624D102C700C38309 /* ParsedPage.swift */; };
		0969583B252FB6B4009BCEAB /* Device.swift in Sources */ = {isa = PBXBuildFile; fileRef = 0969583A252FB6B4009BCEAB /* Device.swift */; };
		0969B06024CF4F5B0013B066 /* ButtonStyle.swift in Sources */ = {isa = PBXBuildFile; fileRef = 0969B05F24CF4F5B0013B066 /* ButtonStyle.swift */; };
		09752F6424C0D352003E1B24 /* LogIn.swift in Sources */ = {isa = PBXBuildFile; fileRef = 09752F6324C0D352003E1B24 /* LogIn.swift */; };
		09752F6624C0DCBD003E1B24 /* Root.swift in Sources */ = {isa = PBXBuildFile; fileRef = 09752F6524C0DCBD003E1B24 /* Root.swift */; };
		09752FAE24C2FE89003E1B24 /* Storage.swift in Sources */ = {isa = PBXBuildFile; fileRef = 09752FAA24C2FE89003E1B24 /* Storage.swift */; };
		097A054024C76F84003609F0 /* Persistable.swift in Sources */ = {isa = PBXBuildFile; fileRef = 097A053F24C76F84003609F0 /* Persistable.swift */; };
		097A054224C79056003609F0 /* PinLink.swift in Sources */ = {isa = PBXBuildFile; fileRef = 097A054124C79056003609F0 /* PinLink.swift */; };
		097A054424C79075003609F0 /* PinTag.swift in Sources */ = {isa = PBXBuildFile; fileRef = 097A054324C79075003609F0 /* PinTag.swift */; };
		097D48A824D6C61400C926A3 /* PreviewContent.swift in Sources */ = {isa = PBXBuildFile; fileRef = 097D48A724D6C61400C926A3 /* PreviewContent.swift */; };
		097D48AB24D6C7E300C926A3 /* JSON.swift in Sources */ = {isa = PBXBuildFile; fileRef = 097D48AA24D6C7E300C926A3 /* JSON.swift */; };
		099156CF24BB99690041938C /* AppDelegate.swift in Sources */ = {isa = PBXBuildFile; fileRef = 099156CE24BB99690041938C /* AppDelegate.swift */; };
		099156D124BB99690041938C /* SceneDelegate.swift in Sources */ = {isa = PBXBuildFile; fileRef = 099156D024BB99690041938C /* SceneDelegate.swift */; };
		099156D424BB99690041938C /* piny.xcdatamodeld in Sources */ = {isa = PBXBuildFile; fileRef = 099156D224BB99690041938C /* piny.xcdatamodeld */; };
		099156D824BB996B0041938C /* Assets.xcassets in Resources */ = {isa = PBXBuildFile; fileRef = 099156D724BB996B0041938C /* Assets.xcassets */; };
		099156DB24BB996B0041938C /* Preview Assets.xcassets in Resources */ = {isa = PBXBuildFile; fileRef = 099156DA24BB996B0041938C /* Preview Assets.xcassets */; };
		099156DE24BB996B0041938C /* LaunchScreen.storyboard in Resources */ = {isa = PBXBuildFile; fileRef = 099156DC24BB996B0041938C /* LaunchScreen.storyboard */; };
		0998B88529B578AB0068DC17 /* Colors.xcassets in Resources */ = {isa = PBXBuildFile; fileRef = 0998B88429B578AB0068DC17 /* Colors.xcassets */; };
		09A223EA29B41C510047375B /* Typography.swift in Sources */ = {isa = PBXBuildFile; fileRef = 09A223E929B41C510047375B /* Typography.swift */; };
		09AC54562E54D2DE009902FA /* pinyShare.appex in Embed Foundation Extensions */ = {isa = PBXBuildFile; fileRef = 09AC544C2E54D2DE009902FA /* pinyShare.appex */; settings = {ATTRIBUTES = (RemoveHeadersOnCopy, ); }; };
		09AC547A2E566099009902FA /* PromiseKit in Frameworks */ = {isa = PBXBuildFile; productRef = 09AC54792E566099009902FA /* PromiseKit */; };
		09AC547F2E56622D009902FA /* AsyncState.swift in Sources */ = {isa = PBXBuildFile; fileRef = 093A99AD24D46FA600ADBB0A /* AsyncState.swift */; };
		09AC54812E566233009902FA /* UserState.swift in Sources */ = {isa = PBXBuildFile; fileRef = 09DEB76F24BE45ED001CE612 /* UserState.swift */; };
		09AC54832E566243009902FA /* Piny.swift in Sources */ = {isa = PBXBuildFile; fileRef = 09AFB4C324CDB7FB00E6D9E3 /* Piny.swift */; };
		09AC54852E56624A009902FA /* PreviewContent.swift in Sources */ = {isa = PBXBuildFile; fileRef = 097D48A724D6C61400C926A3 /* PreviewContent.swift */; };
		09AC54892E566258009902FA /* piny.xcdatamodeld in Sources */ = {isa = PBXBuildFile; fileRef = 099156D224BB99690041938C /* piny.xcdatamodeld */; };
		09AC548B2E566349009902FA /* Input.swift in Sources */ = {isa = PBXBuildFile; fileRef = 09DF794929B5F13900B287F5 /* Input.swift */; };
		09AC548C2E566349009902FA /* Placeholder.swift in Sources */ = {isa = PBXBuildFile; fileRef = 09E5861E29B72D3000D06AB6 /* Placeholder.swift */; };
		09AC548D2E566349009902FA /* Colors.xcassets in Sources */ = {isa = PBXBuildFile; fileRef = 0998B88429B578AB0068DC17 /* Colors.xcassets */; };
		09AC548E2E566349009902FA /* Typography.swift in Sources */ = {isa = PBXBuildFile; fileRef = 09A223E929B41C510047375B /* Typography.swift */; };
		09AC548F2E566349009902FA /* Colors.swift in Sources */ = {isa = PBXBuildFile; fileRef = 09DF794C29B5FAD900B287F5 /* Colors.swift */; };
		09AC54902E566349009902FA /* API.swift in Sources */ = {isa = PBXBuildFile; fileRef = 09EB08D824C0A2690021CC4A /* API.swift */; };
		09AC54912E566349009902FA /* JSON.swift in Sources */ = {isa = PBXBuildFile; fileRef = 097D48AA24D6C7E300C926A3 /* JSON.swift */; };
		09AC54922E566349009902FA /* Storage.swift in Sources */ = {isa = PBXBuildFile; fileRef = 09752FAA24C2FE89003E1B24 /* Storage.swift */; };
		09AC54932E566349009902FA /* Persistable.swift in Sources */ = {isa = PBXBuildFile; fileRef = 097A053F24C76F84003609F0 /* Persistable.swift */; };
		09AC54942E566349009902FA /* Transaction.swift in Sources */ = {isa = PBXBuildFile; fileRef = 09DAB89B24D8BF5E00A6635D /* Transaction.swift */; };
		09AC54952E566349009902FA /* Authorisation.swift in Sources */ = {isa = PBXBuildFile; fileRef = 09EB08DA24C0CB380021CC4A /* Authorisation.swift */; };
		09AC54962E566349009902FA /* Pin.swift in Sources */ = {isa = PBXBuildFile; fileRef = 09EA169324BE9FF70028121D /* Pin.swift */; };
		09AC54972E566349009902FA /* PinTag.swift in Sources */ = {isa = PBXBuildFile; fileRef = 097A054324C79075003609F0 /* PinTag.swift */; };
		09AC54982E566349009902FA /* PinLink.swift in Sources */ = {isa = PBXBuildFile; fileRef = 097A054124C79056003609F0 /* PinLink.swift */; };
		09AC54992E566349009902FA /* User.swift in Sources */ = {isa = PBXBuildFile; fileRef = 09EB08DC24C0CB580021CC4A /* User.swift */; };
		09AC549A2E566349009902FA /* ParsedPage.swift in Sources */ = {isa = PBXBuildFile; fileRef = 094855D624D102C700C38309 /* ParsedPage.swift */; };
		09AC549B2E566349009902FA /* Device.swift in Sources */ = {isa = PBXBuildFile; fileRef = 0969583A252FB6B4009BCEAB /* Device.swift */; };
		09AC549C2E566349009902FA /* PinsState.swift in Sources */ = {isa = PBXBuildFile; fileRef = 09AFB4C524CDDB3600E6D9E3 /* PinsState.swift */; };
		09AC549D2E566349009902FA /* ButtonStyle.swift in Sources */ = {isa = PBXBuildFile; fileRef = 0969B05F24CF4F5B0013B066 /* ButtonStyle.swift */; };
		09AC549E2E566349009902FA /* TextFieldStyle.swift in Sources */ = {isa = PBXBuildFile; fileRef = 09EA49E124E951C800B20619 /* TextFieldStyle.swift */; };
		09AC549F2E566349009902FA /* Preview Assets.xcassets in Sources */ = {isa = PBXBuildFile; fileRef = 099156DA24BB996B0041938C /* Preview Assets.xcassets */; };
		09AC54A02E566349009902FA /* preview-pins.json in Sources */ = {isa = PBXBuildFile; fileRef = 09EA169124BE9F090028121D /* preview-pins.json */; };
		09AC54A12E566349009902FA /* preview-user.json in Sources */ = {isa = PBXBuildFile; fileRef = 09AFB4C724CDDC8700E6D9E3 /* preview-user.json */; };
		09AC54C12E566620009902FA /* Localizable.strings in Resources */ = {isa = PBXBuildFile; fileRef = 09BE837424F81A9700A21581 /* Localizable.strings */; };
		09AFB4C424CDB7FB00E6D9E3 /* Piny.swift in Sources */ = {isa = PBXBuildFile; fileRef = 09AFB4C324CDB7FB00E6D9E3 /* Piny.swift */; };
		09AFB4C624CDDB3600E6D9E3 /* PinsState.swift in Sources */ = {isa = PBXBuildFile; fileRef = 09AFB4C524CDDB3600E6D9E3 /* PinsState.swift */; };
		09AFB4C824CDDC8700E6D9E3 /* preview-user.json in Resources */ = {isa = PBXBuildFile; fileRef = 09AFB4C724CDDC8700E6D9E3 /* preview-user.json */; };
		09BE837124F81A9700A21581 /* Localizable.strings in Resources */ = {isa = PBXBuildFile; fileRef = 09BE837424F81A9700A21581 /* Localizable.strings */; };
		09DAB89C24D8BF5E00A6635D /* Transaction.swift in Sources */ = {isa = PBXBuildFile; fileRef = 09DAB89B24D8BF5E00A6635D /* Transaction.swift */; };
		09DAB89F24DB159100A6635D /* UserTabs.swift in Sources */ = {isa = PBXBuildFile; fileRef = 09DAB89E24DB159100A6635D /* UserTabs.swift */; };
		09DAB8A324DB207400A6635D /* UserSettings.swift in Sources */ = {isa = PBXBuildFile; fileRef = 09DAB8A224DB207400A6635D /* UserSettings.swift */; };
		09DAB8AA24DB54CF00A6635D /* TagsField.swift in Sources */ = {isa = PBXBuildFile; fileRef = 09DAB8A924DB54CF00A6635D /* TagsField.swift */; };
		09DEB77024BE45ED001CE612 /* UserState.swift in Sources */ = {isa = PBXBuildFile; fileRef = 09DEB76F24BE45ED001CE612 /* UserState.swift */; };
		09DF794A29B5F13900B287F5 /* Input.swift in Sources */ = {isa = PBXBuildFile; fileRef = 09DF794929B5F13900B287F5 /* Input.swift */; };
		09DF794D29B5FAD900B287F5 /* Colors.swift in Sources */ = {isa = PBXBuildFile; fileRef = 09DF794C29B5FAD900B287F5 /* Colors.swift */; };
		09E5861F29B72D3000D06AB6 /* Placeholder.swift in Sources */ = {isa = PBXBuildFile; fileRef = 09E5861E29B72D3000D06AB6 /* Placeholder.swift */; };
		09EA13A524D8B5C900B5B5C9 /* PinEdit.swift in Sources */ = {isa = PBXBuildFile; fileRef = 09EA13A424D8B5C900B5B5C9 /* PinEdit.swift */; };
		09EA13A824D8B7F800B5B5C9 /* PinActionRow.swift in Sources */ = {isa = PBXBuildFile; fileRef = 09EA13A724D8B7F800B5B5C9 /* PinActionRow.swift */; };
		09EA169224BE9F090028121D /* preview-pins.json in Resources */ = {isa = PBXBuildFile; fileRef = 09EA169124BE9F090028121D /* preview-pins.json */; };
		09EA169424BE9FF70028121D /* Pin.swift in Sources */ = {isa = PBXBuildFile; fileRef = 09EA169324BE9FF70028121D /* Pin.swift */; };
		09EA169624BEA32B0028121D /* PinList.swift in Sources */ = {isa = PBXBuildFile; fileRef = 09EA169524BEA32B0028121D /* PinList.swift */; };
		09EA49E224E951C800B20619 /* TextFieldStyle.swift in Sources */ = {isa = PBXBuildFile; fileRef = 09EA49E124E951C800B20619 /* TextFieldStyle.swift */; };
		09EB08CB24BEAB990021CC4A /* PinRow.swift in Sources */ = {isa = PBXBuildFile; fileRef = 09EB08CA24BEAB990021CC4A /* PinRow.swift */; };
		09EB08CD24BEAFA90021CC4A /* PinRowTags.swift in Sources */ = {isa = PBXBuildFile; fileRef = 09EB08CC24BEAFA90021CC4A /* PinRowTags.swift */; };
		09EB08CF24BEB31F0021CC4A /* WebView.swift in Sources */ = {isa = PBXBuildFile; fileRef = 09EB08CE24BEB31F0021CC4A /* WebView.swift */; };
		09EB08D424C0514A0021CC4A /* WebViewController.swift in Sources */ = {isa = PBXBuildFile; fileRef = 09EB08D324C0514A0021CC4A /* WebViewController.swift */; };
		09EB08D924C0A2690021CC4A /* API.swift in Sources */ = {isa = PBXBuildFile; fileRef = 09EB08D824C0A2690021CC4A /* API.swift */; };
		09EB08DB24C0CB380021CC4A /* Authorisation.swift in Sources */ = {isa = PBXBuildFile; fileRef = 09EB08DA24C0CB380021CC4A /* Authorisation.swift */; };
		09EB08DD24C0CB580021CC4A /* User.swift in Sources */ = {isa = PBXBuildFile; fileRef = 09EB08DC24C0CB580021CC4A /* User.swift */; };
/* End PBXBuildFile section */

/* Begin PBXContainerItemProxy section */
		09AC54542E54D2DE009902FA /* PBXContainerItemProxy */ = {
			isa = PBXContainerItemProxy;
			containerPortal = 099156C324BB99690041938C /* Project object */;
			proxyType = 1;
			remoteGlobalIDString = 09AC544B2E54D2DE009902FA;
			remoteInfo = pinyShare;
		};
/* End PBXContainerItemProxy section */

/* Begin PBXCopyFilesBuildPhase section */
		0944686E24CDEDB900CB9D9F /* Embed Foundation Extensions */ = {
			isa = PBXCopyFilesBuildPhase;
			buildActionMask = 2147483647;
			dstPath = "";
			dstSubfolderSpec = 13;
			files = (
				09AC54562E54D2DE009902FA /* pinyShare.appex in Embed Foundation Extensions */,
			);
			name = "Embed Foundation Extensions";
			runOnlyForDeploymentPostprocessing = 0;
		};
/* End PBXCopyFilesBuildPhase section */

/* Begin PBXFileReference section */
		091DE00225193720005E5E05 /* Base */ = {isa = PBXFileReference; lastKnownFileType = file.storyboard; name = Base; path = Base.lproj/LaunchScreen.storyboard; sourceTree = "<group>"; };
		093A99AD24D46FA600ADBB0A /* AsyncState.swift */ = {isa = PBXFileReference; lastKnownFileType = sourcecode.swift; path = AsyncState.swift; sourceTree = "<group>"; };
		0944684624CDE16100CB9D9F /* UserPinList.swift */ = {isa = PBXFileReference; lastKnownFileType = sourcecode.swift; path = UserPinList.swift; sourceTree = "<group>"; };
		0944687824CE003100CB9D9F /* piny.entitlements */ = {isa = PBXFileReference; lastKnownFileType = text.plist.entitlements; path = piny.entitlements; sourceTree = "<group>"; };
		094855D624D102C700C38309 /* ParsedPage.swift */ = {isa = PBXFileReference; lastKnownFileType = sourcecode.swift; path = ParsedPage.swift; sourceTree = "<group>"; };
		0969583A252FB6B4009BCEAB /* Device.swift */ = {isa = PBXFileReference; lastKnownFileType = sourcecode.swift; path = Device.swift; sourceTree = "<group>"; };
		0969B05F24CF4F5B0013B066 /* ButtonStyle.swift */ = {isa = PBXFileReference; lastKnownFileType = sourcecode.swift; path = ButtonStyle.swift; sourceTree = "<group>"; };
		09752F6324C0D352003E1B24 /* LogIn.swift */ = {isa = PBXFileReference; lastKnownFileType = sourcecode.swift; path = LogIn.swift; sourceTree = "<group>"; };
		09752F6524C0DCBD003E1B24 /* Root.swift */ = {isa = PBXFileReference; lastKnownFileType = sourcecode.swift; path = Root.swift; sourceTree = "<group>"; };
		09752FA624C22A6C003E1B24 /* README.md */ = {isa = PBXFileReference; lastKnownFileType = net.daringfireball.markdown; path = README.md; sourceTree = "<group>"; };
		09752FAA24C2FE89003E1B24 /* Storage.swift */ = {isa = PBXFileReference; fileEncoding = 4; lastKnownFileType = sourcecode.swift; path = Storage.swift; sourceTree = "<group>"; };
		097A053F24C76F84003609F0 /* Persistable.swift */ = {isa = PBXFileReference; lastKnownFileType = sourcecode.swift; path = Persistable.swift; sourceTree = "<group>"; };
		097A054124C79056003609F0 /* PinLink.swift */ = {isa = PBXFileReference; lastKnownFileType = sourcecode.swift; path = PinLink.swift; sourceTree = "<group>"; };
		097A054324C79075003609F0 /* PinTag.swift */ = {isa = PBXFileReference; lastKnownFileType = sourcecode.swift; path = PinTag.swift; sourceTree = "<group>"; };
		097D48A724D6C61400C926A3 /* PreviewContent.swift */ = {isa = PBXFileReference; lastKnownFileType = sourcecode.swift; path = PreviewContent.swift; sourceTree = "<group>"; };
		097D48AA24D6C7E300C926A3 /* JSON.swift */ = {isa = PBXFileReference; lastKnownFileType = sourcecode.swift; path = JSON.swift; sourceTree = "<group>"; };
		099156CB24BB99690041938C /* piny.app */ = {isa = PBXFileReference; explicitFileType = wrapper.application; includeInIndex = 0; path = piny.app; sourceTree = BUILT_PRODUCTS_DIR; };
		099156CE24BB99690041938C /* AppDelegate.swift */ = {isa = PBXFileReference; lastKnownFileType = sourcecode.swift; path = AppDelegate.swift; sourceTree = "<group>"; };
		099156D024BB99690041938C /* SceneDelegate.swift */ = {isa = PBXFileReference; lastKnownFileType = sourcecode.swift; path = SceneDelegate.swift; sourceTree = "<group>"; };
		099156D324BB99690041938C /* piny.xcdatamodel */ = {isa = PBXFileReference; lastKnownFileType = wrapper.xcdatamodel; path = piny.xcdatamodel; sourceTree = "<group>"; };
		099156D724BB996B0041938C /* Assets.xcassets */ = {isa = PBXFileReference; lastKnownFileType = folder.assetcatalog; path = Assets.xcassets; sourceTree = "<group>"; };
		099156DA24BB996B0041938C /* Preview Assets.xcassets */ = {isa = PBXFileReference; lastKnownFileType = folder.assetcatalog; path = "Preview Assets.xcassets"; sourceTree = "<group>"; };
		099156DF24BB996B0041938C /* Info.plist */ = {isa = PBXFileReference; lastKnownFileType = text.plist.xml; path = Info.plist; sourceTree = "<group>"; };
		0998B88429B578AB0068DC17 /* Colors.xcassets */ = {isa = PBXFileReference; lastKnownFileType = folder.assetcatalog; path = Colors.xcassets; sourceTree = "<group>"; };
		09A223E929B41C510047375B /* Typography.swift */ = {isa = PBXFileReference; lastKnownFileType = sourcecode.swift; path = Typography.swift; sourceTree = "<group>"; };
		09AC544C2E54D2DE009902FA /* pinyShare.appex */ = {isa = PBXFileReference; explicitFileType = "wrapper.app-extension"; includeInIndex = 0; path = pinyShare.appex; sourceTree = BUILT_PRODUCTS_DIR; };
		09AC54602E54D319009902FA /* UniformTypeIdentifiers.framework */ = {isa = PBXFileReference; lastKnownFileType = wrapper.framework; name = UniformTypeIdentifiers.framework; path = System/Library/Frameworks/UniformTypeIdentifiers.framework; sourceTree = SDKROOT; };
		09AFB4C324CDB7FB00E6D9E3 /* Piny.swift */ = {isa = PBXFileReference; lastKnownFileType = sourcecode.swift; path = Piny.swift; sourceTree = "<group>"; };
		09AFB4C524CDDB3600E6D9E3 /* PinsState.swift */ = {isa = PBXFileReference; lastKnownFileType = sourcecode.swift; path = PinsState.swift; sourceTree = "<group>"; };
		09AFB4C724CDDC8700E6D9E3 /* preview-user.json */ = {isa = PBXFileReference; lastKnownFileType = text.json; path = "preview-user.json"; sourceTree = "<group>"; };
		09BE837324F81A9700A21581 /* en */ = {isa = PBXFileReference; lastKnownFileType = text.plist.strings; name = en; path = en.lproj/Localizable.strings; sourceTree = "<group>"; };
		09DAB89B24D8BF5E00A6635D /* Transaction.swift */ = {isa = PBXFileReference; lastKnownFileType = sourcecode.swift; path = Transaction.swift; sourceTree = "<group>"; };
		09DAB89E24DB159100A6635D /* UserTabs.swift */ = {isa = PBXFileReference; lastKnownFileType = sourcecode.swift; path = UserTabs.swift; sourceTree = "<group>"; };
		09DAB8A224DB207400A6635D /* UserSettings.swift */ = {isa = PBXFileReference; lastKnownFileType = sourcecode.swift; path = UserSettings.swift; sourceTree = "<group>"; };
		09DAB8A924DB54CF00A6635D /* TagsField.swift */ = {isa = PBXFileReference; lastKnownFileType = sourcecode.swift; path = TagsField.swift; sourceTree = "<group>"; };
		09DEB76F24BE45ED001CE612 /* UserState.swift */ = {isa = PBXFileReference; lastKnownFileType = sourcecode.swift; path = UserState.swift; sourceTree = "<group>"; };
		09DF794929B5F13900B287F5 /* Input.swift */ = {isa = PBXFileReference; lastKnownFileType = sourcecode.swift; path = Input.swift; sourceTree = "<group>"; };
		09DF794C29B5FAD900B287F5 /* Colors.swift */ = {isa = PBXFileReference; lastKnownFileType = sourcecode.swift; path = Colors.swift; sourceTree = "<group>"; };
		09E5861E29B72D3000D06AB6 /* Placeholder.swift */ = {isa = PBXFileReference; lastKnownFileType = sourcecode.swift; path = Placeholder.swift; sourceTree = "<group>"; };
		09EA13A424D8B5C900B5B5C9 /* PinEdit.swift */ = {isa = PBXFileReference; lastKnownFileType = sourcecode.swift; path = PinEdit.swift; sourceTree = "<group>"; };
		09EA13A724D8B7F800B5B5C9 /* PinActionRow.swift */ = {isa = PBXFileReference; lastKnownFileType = sourcecode.swift; path = PinActionRow.swift; sourceTree = "<group>"; };
		09EA169124BE9F090028121D /* preview-pins.json */ = {isa = PBXFileReference; lastKnownFileType = text.json; path = "preview-pins.json"; sourceTree = "<group>"; };
		09EA169324BE9FF70028121D /* Pin.swift */ = {isa = PBXFileReference; lastKnownFileType = sourcecode.swift; path = Pin.swift; sourceTree = "<group>"; };
		09EA169524BEA32B0028121D /* PinList.swift */ = {isa = PBXFileReference; fileEncoding = 4; lastKnownFileType = sourcecode.swift; path = PinList.swift; sourceTree = "<group>"; };
		09EA49E124E951C800B20619 /* TextFieldStyle.swift */ = {isa = PBXFileReference; lastKnownFileType = sourcecode.swift; path = TextFieldStyle.swift; sourceTree = "<group>"; };
		09EA49E324E9B2BB00B20619 /* screenshot.png */ = {isa = PBXFileReference; lastKnownFileType = image.png; path = screenshot.png; sourceTree = "<group>"; };
		09EB08CA24BEAB990021CC4A /* PinRow.swift */ = {isa = PBXFileReference; lastKnownFileType = sourcecode.swift; path = PinRow.swift; sourceTree = "<group>"; };
		09EB08CC24BEAFA90021CC4A /* PinRowTags.swift */ = {isa = PBXFileReference; lastKnownFileType = sourcecode.swift; path = PinRowTags.swift; sourceTree = "<group>"; };
		09EB08CE24BEB31F0021CC4A /* WebView.swift */ = {isa = PBXFileReference; lastKnownFileType = sourcecode.swift; path = WebView.swift; sourceTree = "<group>"; };
		09EB08D324C0514A0021CC4A /* WebViewController.swift */ = {isa = PBXFileReference; lastKnownFileType = sourcecode.swift; path = WebViewController.swift; sourceTree = "<group>"; };
		09EB08D824C0A2690021CC4A /* API.swift */ = {isa = PBXFileReference; lastKnownFileType = sourcecode.swift; path = API.swift; sourceTree = "<group>"; };
		09EB08DA24C0CB380021CC4A /* Authorisation.swift */ = {isa = PBXFileReference; lastKnownFileType = sourcecode.swift; path = Authorisation.swift; sourceTree = "<group>"; };
		09EB08DC24C0CB580021CC4A /* User.swift */ = {isa = PBXFileReference; lastKnownFileType = sourcecode.swift; path = User.swift; sourceTree = "<group>"; };
/* End PBXFileReference section */

/* Begin PBXFileSystemSynchronizedBuildFileExceptionSet section */
		09AC55142E577E2C009902FA /* PBXFileSystemSynchronizedBuildFileExceptionSet */ = {
			isa = PBXFileSystemSynchronizedBuildFileExceptionSet;
			membershipExceptions = (
				Views/QuickAdd.swift,
			);
			target = 099156CA24BB99690041938C /* piny */;
		};
		09AC55162E577F1B009902FA /* PBXFileSystemSynchronizedBuildFileExceptionSet */ = {
			isa = PBXFileSystemSynchronizedBuildFileExceptionSet;
			membershipExceptions = (
				Info.plist,
			);
			target = 09AC544B2E54D2DE009902FA /* pinyShare */;
		};
/* End PBXFileSystemSynchronizedBuildFileExceptionSet section */

/* Begin PBXFileSystemSynchronizedRootGroup section */
		09AC544D2E54D2DE009902FA /* pinyShare */ = {isa = PBXFileSystemSynchronizedRootGroup; exceptions = (09AC55142E577E2C009902FA /* PBXFileSystemSynchronizedBuildFileExceptionSet */, 09AC55162E577F1B009902FA /* PBXFileSystemSynchronizedBuildFileExceptionSet */, ); explicitFileTypes = {}; explicitFolders = (); path = pinyShare; sourceTree = "<group>"; };
/* End PBXFileSystemSynchronizedRootGroup section */

/* Begin PBXFrameworksBuildPhase section */
		099156C824BB99690041938C /* Frameworks */ = {
			isa = PBXFrameworksBuildPhase;
			buildActionMask = 2147483647;
			files = (
				094855D224D0E99F00C38309 /* PromiseKit in Frameworks */,
			);
			runOnlyForDeploymentPostprocessing = 0;
		};
		09AC54492E54D2DE009902FA /* Frameworks */ = {
			isa = PBXFrameworksBuildPhase;
			buildActionMask = 2147483647;
			files = (
				09AC547A2E566099009902FA /* PromiseKit in Frameworks */,
			);
			runOnlyForDeploymentPostprocessing = 0;
		};
/* End PBXFrameworksBuildPhase section */

/* Begin PBXGroup section */
		09481C3524D6480A00E874F9 /* Shared */ = {
			isa = PBXGroup;
			children = (
				09DF794829B5F12000B287F5 /* Components */,
				09DF794729B5EFFF00B287F5 /* Tokens */,
				09EB08D524C059890021CC4A /* Helpers */,
				0991571024BCAD3B0041938C /* Models */,
				09DEB76E24BE45D9001CE612 /* State */,
				0969B05E24CF4F460013B066 /* Styles */,
				099156D924BB996B0041938C /* Preview Content */,
				09AFB4C324CDB7FB00E6D9E3 /* Piny.swift */,
				097D48A724D6C61400C926A3 /* PreviewContent.swift */,
				09BE837424F81A9700A21581 /* Localizable.strings */,
				099156D224BB99690041938C /* piny.xcdatamodeld */,
			);
			path = Shared;
			sourceTree = "<group>";
		};
		094855D324D0E9B000C38309 /* Frameworks */ = {
			isa = PBXGroup;
			children = (
				09AC54602E54D319009902FA /* UniformTypeIdentifiers.framework */,
			);
			name = Frameworks;
			sourceTree = "<group>";
		};
		0969B05E24CF4F460013B066 /* Styles */ = {
			isa = PBXGroup;
			children = (
				0969B05F24CF4F5B0013B066 /* ButtonStyle.swift */,
				09EA49E124E951C800B20619 /* TextFieldStyle.swift */,
			);
			path = Styles;
			sourceTree = "<group>";
		};
		099156C224BB99690041938C = {
			isa = PBXGroup;
			children = (
				09752FA624C22A6C003E1B24 /* README.md */,
				09EA49E324E9B2BB00B20619 /* screenshot.png */,
				09481C3524D6480A00E874F9 /* Shared */,
				099156CD24BB99690041938C /* piny */,
				09AC544D2E54D2DE009902FA /* pinyShare */,
				099156CC24BB99690041938C /* Products */,
				094855D324D0E9B000C38309 /* Frameworks */,
			);
			sourceTree = "<group>";
		};
		099156CC24BB99690041938C /* Products */ = {
			isa = PBXGroup;
			children = (
				099156CB24BB99690041938C /* piny.app */,
				09AC544C2E54D2DE009902FA /* pinyShare.appex */,
			);
			name = Products;
			sourceTree = "<group>";
		};
		099156CD24BB99690041938C /* piny */ = {
			isa = PBXGroup;
			children = (
				0944687824CE003100CB9D9F /* piny.entitlements */,
				09EB08D224C051380021CC4A /* Controllers */,
				0991570724BC60460041938C /* Views */,
				099156CE24BB99690041938C /* AppDelegate.swift */,
				099156D024BB99690041938C /* SceneDelegate.swift */,
				099156D724BB996B0041938C /* Assets.xcassets */,
				099156DC24BB996B0041938C /* LaunchScreen.storyboard */,
				099156DF24BB996B0041938C /* Info.plist */,
			);
			path = piny;
			sourceTree = "<group>";
		};
		099156D924BB996B0041938C /* Preview Content */ = {
			isa = PBXGroup;
			children = (
				099156DA24BB996B0041938C /* Preview Assets.xcassets */,
				09EA169124BE9F090028121D /* preview-pins.json */,
				09AFB4C724CDDC8700E6D9E3 /* preview-user.json */,
			);
			path = "Preview Content";
			sourceTree = "<group>";
		};
		0991570724BC60460041938C /* Views */ = {
			isa = PBXGroup;
			children = (
				09EA13A424D8B5C900B5B5C9 /* PinEdit.swift */,
				09EA13A724D8B7F800B5B5C9 /* PinActionRow.swift */,
				09EB08CA24BEAB990021CC4A /* PinRow.swift */,
				09EB08CC24BEAFA90021CC4A /* PinRowTags.swift */,
				09EA169524BEA32B0028121D /* PinList.swift */,
				09EB08CE24BEB31F0021CC4A /* WebView.swift */,
				09DAB8A924DB54CF00A6635D /* TagsField.swift */,
				09752F6324C0D352003E1B24 /* LogIn.swift */,
				0944684624CDE16100CB9D9F /* UserPinList.swift */,
				09DAB8A224DB207400A6635D /* UserSettings.swift */,
				09DAB89E24DB159100A6635D /* UserTabs.swift */,
				09752F6524C0DCBD003E1B24 /* Root.swift */,
			);
			path = Views;
			sourceTree = "<group>";
		};
		0991571024BCAD3B0041938C /* Models */ = {
			isa = PBXGroup;
			children = (
				09EB08DA24C0CB380021CC4A /* Authorisation.swift */,
				09EA169324BE9FF70028121D /* Pin.swift */,
				097A054324C79075003609F0 /* PinTag.swift */,
				097A054124C79056003609F0 /* PinLink.swift */,
				09EB08DC24C0CB580021CC4A /* User.swift */,
				094855D624D102C700C38309 /* ParsedPage.swift */,
				0969583A252FB6B4009BCEAB /* Device.swift */,
			);
			path = Models;
			sourceTree = "<group>";
		};
		09DEB76E24BE45D9001CE612 /* State */ = {
			isa = PBXGroup;
			children = (
				093A99AD24D46FA600ADBB0A /* AsyncState.swift */,
				09DEB76F24BE45ED001CE612 /* UserState.swift */,
				09AFB4C524CDDB3600E6D9E3 /* PinsState.swift */,
			);
			path = State;
			sourceTree = "<group>";
		};
		09DF794729B5EFFF00B287F5 /* Tokens */ = {
			isa = PBXGroup;
			children = (
				0998B88429B578AB0068DC17 /* Colors.xcassets */,
				09A223E929B41C510047375B /* Typography.swift */,
				09DF794C29B5FAD900B287F5 /* Colors.swift */,
			);
			path = Tokens;
			sourceTree = "<group>";
		};
		09DF794829B5F12000B287F5 /* Components */ = {
			isa = PBXGroup;
			children = (
				09DF794929B5F13900B287F5 /* Input.swift */,
				09E5861E29B72D3000D06AB6 /* Placeholder.swift */,
			);
			path = Components;
			sourceTree = "<group>";
		};
		09EB08D224C051380021CC4A /* Controllers */ = {
			isa = PBXGroup;
			children = (
				09EB08D324C0514A0021CC4A /* WebViewController.swift */,
			);
			path = Controllers;
			sourceTree = "<group>";
		};
		09EB08D524C059890021CC4A /* Helpers */ = {
			isa = PBXGroup;
			children = (
				09EB08D824C0A2690021CC4A /* API.swift */,
				097D48AA24D6C7E300C926A3 /* JSON.swift */,
				09752FAA24C2FE89003E1B24 /* Storage.swift */,
				097A053F24C76F84003609F0 /* Persistable.swift */,
				09DAB89B24D8BF5E00A6635D /* Transaction.swift */,
			);
			path = Helpers;
			sourceTree = "<group>";
		};
/* End PBXGroup section */

/* Begin PBXNativeTarget section */
		099156CA24BB99690041938C /* piny */ = {
			isa = PBXNativeTarget;
			buildConfigurationList = 099156F824BB996B0041938C /* Build configuration list for PBXNativeTarget "piny" */;
			buildPhases = (
				099156C724BB99690041938C /* Sources */,
				099156C824BB99690041938C /* Frameworks */,
				099156C924BB99690041938C /* Resources */,
				0944686E24CDEDB900CB9D9F /* Embed Foundation Extensions */,
			);
			buildRules = (
			);
			dependencies = (
				09AC54552E54D2DE009902FA /* PBXTargetDependency */,
			);
			name = piny;
			packageProductDependencies = (
				094855D124D0E99F00C38309 /* PromiseKit */,
			);
			productName = piny;
			productReference = 099156CB24BB99690041938C /* piny.app */;
			productType = "com.apple.product-type.application";
		};
		09AC544B2E54D2DE009902FA /* pinyShare */ = {
			isa = PBXNativeTarget;
			buildConfigurationList = 09AC54582E54D2DE009902FA /* Build configuration list for PBXNativeTarget "pinyShare" */;
			buildPhases = (
				09AC54482E54D2DE009902FA /* Sources */,
				09AC54492E54D2DE009902FA /* Frameworks */,
				09AC544A2E54D2DE009902FA /* Resources */,
			);
			buildRules = (
			);
			dependencies = (
			);
			fileSystemSynchronizedGroups = (
				09AC544D2E54D2DE009902FA /* pinyShare */,
			);
			name = pinyShare;
			packageProductDependencies = (
				09AC54792E566099009902FA /* PromiseKit */,
			);
			productName = pinyShare;
			productReference = 09AC544C2E54D2DE009902FA /* pinyShare.appex */;
			productType = "com.apple.product-type.app-extension";
		};
/* End PBXNativeTarget section */

/* Begin PBXProject section */
		099156C324BB99690041938C /* Project object */ = {
			isa = PBXProject;
			attributes = {
				BuildIndependentTargetsInParallel = YES;
				LastSwiftUpdateCheck = 2600;
				LastUpgradeCheck = 2600;
				ORGANIZATIONNAME = "John Grishin";
				TargetAttributes = {
					099156CA24BB99690041938C = {
						CreatedOnToolsVersion = 11.5;
					};
					09AC544B2E54D2DE009902FA = {
						CreatedOnToolsVersion = 26.0;
					};
				};
			};
			buildConfigurationList = 099156C624BB99690041938C /* Build configuration list for PBXProject "piny" */;
			compatibilityVersion = "Xcode 9.3";
			developmentRegion = en;
			hasScannedForEncodings = 0;
			knownRegions = (
				en,
				Base,
			);
			mainGroup = 099156C224BB99690041938C;
			packageReferences = (
				094855D024D0E99F00C38309 /* XCRemoteSwiftPackageReference "PromiseKit" */,
			);
			productRefGroup = 099156CC24BB99690041938C /* Products */;
			projectDirPath = "";
			projectRoot = "";
			targets = (
				099156CA24BB99690041938C /* piny */,
				09AC544B2E54D2DE009902FA /* pinyShare */,
			);
		};
/* End PBXProject section */

/* Begin PBXResourcesBuildPhase section */
		099156C924BB99690041938C /* Resources */ = {
			isa = PBXResourcesBuildPhase;
			buildActionMask = 2147483647;
			files = (
				099156DE24BB996B0041938C /* LaunchScreen.storyboard in Resources */,
				09BE837124F81A9700A21581 /* Localizable.strings in Resources */,
				09EA169224BE9F090028121D /* preview-pins.json in Resources */,
				099156DB24BB996B0041938C /* Preview Assets.xcassets in Resources */,
				0998B88529B578AB0068DC17 /* Colors.xcassets in Resources */,
				099156D824BB996B0041938C /* Assets.xcassets in Resources */,
				09AFB4C824CDDC8700E6D9E3 /* preview-user.json in Resources */,
			);
			runOnlyForDeploymentPostprocessing = 0;
		};
		09AC544A2E54D2DE009902FA /* Resources */ = {
			isa = PBXResourcesBuildPhase;
			buildActionMask = 2147483647;
			files = (
				09AC54C12E566620009902FA /* Localizable.strings in Resources */,
			);
			runOnlyForDeploymentPostprocessing = 0;
		};
/* End PBXResourcesBuildPhase section */

/* Begin PBXSourcesBuildPhase section */
		099156C724BB99690041938C /* Sources */ = {
			isa = PBXSourcesBuildPhase;
			buildActionMask = 2147483647;
			files = (
				099156CF24BB99690041938C /* AppDelegate.swift in Sources */,
				09EA13A824D8B7F800B5B5C9 /* PinActionRow.swift in Sources */,
				09EB08D424C0514A0021CC4A /* WebViewController.swift in Sources */,
				0969583B252FB6B4009BCEAB /* Device.swift in Sources */,
				097D48A824D6C61400C926A3 /* PreviewContent.swift in Sources */,
				0969B06024CF4F5B0013B066 /* ButtonStyle.swift in Sources */,
				09EB08CF24BEB31F0021CC4A /* WebView.swift in Sources */,
				09EB08D924C0A2690021CC4A /* API.swift in Sources */,
				099156D124BB99690041938C /* SceneDelegate.swift in Sources */,
				09EA49E224E951C800B20619 /* TextFieldStyle.swift in Sources */,
				097A054424C79075003609F0 /* PinTag.swift in Sources */,
				097A054224C79056003609F0 /* PinLink.swift in Sources */,
				09752F6424C0D352003E1B24 /* LogIn.swift in Sources */,
				09EB08DD24C0CB580021CC4A /* User.swift in Sources */,
				09AFB4C424CDB7FB00E6D9E3 /* Piny.swift in Sources */,
				09EB08CD24BEAFA90021CC4A /* PinRowTags.swift in Sources */,
				09DAB8AA24DB54CF00A6635D /* TagsField.swift in Sources */,
				09752F6624C0DCBD003E1B24 /* Root.swift in Sources */,
				099156D424BB99690041938C /* piny.xcdatamodeld in Sources */,
				09DAB89C24D8BF5E00A6635D /* Transaction.swift in Sources */,
				09DEB77024BE45ED001CE612 /* UserState.swift in Sources */,
				09EA169624BEA32B0028121D /* PinList.swift in Sources */,
				09EA13A524D8B5C900B5B5C9 /* PinEdit.swift in Sources */,
				097A054024C76F84003609F0 /* Persistable.swift in Sources */,
				094855D724D102C700C38309 /* ParsedPage.swift in Sources */,
				09DF794A29B5F13900B287F5 /* Input.swift in Sources */,
				09EB08CB24BEAB990021CC4A /* PinRow.swift in Sources */,
				09AFB4C624CDDB3600E6D9E3 /* PinsState.swift in Sources */,
				09DAB89F24DB159100A6635D /* UserTabs.swift in Sources */,
				09EA169424BE9FF70028121D /* Pin.swift in Sources */,
				09E5861F29B72D3000D06AB6 /* Placeholder.swift in Sources */,
				09752FAE24C2FE89003E1B24 /* Storage.swift in Sources */,
				0944684724CDE16100CB9D9F /* UserPinList.swift in Sources */,
				097D48AB24D6C7E300C926A3 /* JSON.swift in Sources */,
				09DF794D29B5FAD900B287F5 /* Colors.swift in Sources */,
				093A99AE24D46FA600ADBB0A /* AsyncState.swift in Sources */,
				09EB08DB24C0CB380021CC4A /* Authorisation.swift in Sources */,
				09DAB8A324DB207400A6635D /* UserSettings.swift in Sources */,
				09A223EA29B41C510047375B /* Typography.swift in Sources */,
			);
			runOnlyForDeploymentPostprocessing = 0;
		};
		09AC54482E54D2DE009902FA /* Sources */ = {
			isa = PBXSourcesBuildPhase;
			buildActionMask = 2147483647;
			files = (
				09AC548B2E566349009902FA /* Input.swift in Sources */,
				09AC548C2E566349009902FA /* Placeholder.swift in Sources */,
				09AC548D2E566349009902FA /* Colors.xcassets in Sources */,
				09AC548E2E566349009902FA /* Typography.swift in Sources */,
				09AC548F2E566349009902FA /* Colors.swift in Sources */,
				09AC54902E566349009902FA /* API.swift in Sources */,
				09AC54912E566349009902FA /* JSON.swift in Sources */,
				09AC54922E566349009902FA /* Storage.swift in Sources */,
				09AC54932E566349009902FA /* Persistable.swift in Sources */,
				09AC54942E566349009902FA /* Transaction.swift in Sources */,
				09AC54952E566349009902FA /* Authorisation.swift in Sources */,
				09AC54962E566349009902FA /* Pin.swift in Sources */,
				09AC54972E566349009902FA /* PinTag.swift in Sources */,
				09AC54982E566349009902FA /* PinLink.swift in Sources */,
				09AC54992E566349009902FA /* User.swift in Sources */,
				09AC549A2E566349009902FA /* ParsedPage.swift in Sources */,
				09AC549B2E566349009902FA /* Device.swift in Sources */,
				09AC549C2E566349009902FA /* PinsState.swift in Sources */,
				09AC549D2E566349009902FA /* ButtonStyle.swift in Sources */,
				09AC549E2E566349009902FA /* TextFieldStyle.swift in Sources */,
				09AC549F2E566349009902FA /* Preview Assets.xcassets in Sources */,
				09AC54A02E566349009902FA /* preview-pins.json in Sources */,
				09AC54A12E566349009902FA /* preview-user.json in Sources */,
				09AC547F2E56622D009902FA /* AsyncState.swift in Sources */,
				09AC54852E56624A009902FA /* PreviewContent.swift in Sources */,
				09AC54812E566233009902FA /* UserState.swift in Sources */,
				09AC54832E566243009902FA /* Piny.swift in Sources */,
				09AC54892E566258009902FA /* piny.xcdatamodeld in Sources */,
			);
			runOnlyForDeploymentPostprocessing = 0;
		};
/* End PBXSourcesBuildPhase section */

/* Begin PBXTargetDependency section */
		09AC54552E54D2DE009902FA /* PBXTargetDependency */ = {
			isa = PBXTargetDependency;
			target = 09AC544B2E54D2DE009902FA /* pinyShare */;
			targetProxy = 09AC54542E54D2DE009902FA /* PBXContainerItemProxy */;
		};
/* End PBXTargetDependency section */

/* Begin PBXVariantGroup section */
		099156DC24BB996B0041938C /* LaunchScreen.storyboard */ = {
			isa = PBXVariantGroup;
			children = (
				091DE00225193720005E5E05 /* Base */,
			);
			name = LaunchScreen.storyboard;
			sourceTree = "<group>";
		};
		09BE837424F81A9700A21581 /* Localizable.strings */ = {
			isa = PBXVariantGroup;
			children = (
				09BE837324F81A9700A21581 /* en */,
			);
			name = Localizable.strings;
			sourceTree = "<group>";
		};
/* End PBXVariantGroup section */

/* Begin XCBuildConfiguration section */
		099156F624BB996B0041938C /* Debug */ = {
			isa = XCBuildConfiguration;
			buildSettings = {
				ALWAYS_SEARCH_USER_PATHS = NO;
				ASSETCATALOG_COMPILER_GENERATE_SWIFT_ASSET_SYMBOL_EXTENSIONS = YES;
				CLANG_ANALYZER_NONNULL = YES;
				CLANG_ANALYZER_NUMBER_OBJECT_CONVERSION = YES_AGGRESSIVE;
				CLANG_CXX_LANGUAGE_STANDARD = "gnu++14";
				CLANG_CXX_LIBRARY = "libc++";
				CLANG_ENABLE_MODULES = YES;
				CLANG_ENABLE_OBJC_ARC = YES;
				CLANG_ENABLE_OBJC_WEAK = YES;
				CLANG_WARN_BLOCK_CAPTURE_AUTORELEASING = YES;
				CLANG_WARN_BOOL_CONVERSION = YES;
				CLANG_WARN_COMMA = YES;
				CLANG_WARN_CONSTANT_CONVERSION = YES;
				CLANG_WARN_DEPRECATED_OBJC_IMPLEMENTATIONS = YES;
				CLANG_WARN_DIRECT_OBJC_ISA_USAGE = YES_ERROR;
				CLANG_WARN_DOCUMENTATION_COMMENTS = YES;
				CLANG_WARN_EMPTY_BODY = YES;
				CLANG_WARN_ENUM_CONVERSION = YES;
				CLANG_WARN_INFINITE_RECURSION = YES;
				CLANG_WARN_INT_CONVERSION = YES;
				CLANG_WARN_NON_LITERAL_NULL_CONVERSION = YES;
				CLANG_WARN_OBJC_IMPLICIT_RETAIN_SELF = YES;
				CLANG_WARN_OBJC_LITERAL_CONVERSION = YES;
				CLANG_WARN_OBJC_ROOT_CLASS = YES_ERROR;
				CLANG_WARN_QUOTED_INCLUDE_IN_FRAMEWORK_HEADER = YES;
				CLANG_WARN_RANGE_LOOP_ANALYSIS = YES;
				CLANG_WARN_STRICT_PROTOTYPES = YES;
				CLANG_WARN_SUSPICIOUS_MOVE = YES;
				CLANG_WARN_UNGUARDED_AVAILABILITY = YES_AGGRESSIVE;
				CLANG_WARN_UNREACHABLE_CODE = YES;
				CLANG_WARN__DUPLICATE_METHOD_MATCH = YES;
				COPY_PHASE_STRIP = NO;
				DEBUG_INFORMATION_FORMAT = dwarf;
				DEVELOPMENT_TEAM = ZE7U5SKGNZ;
				ENABLE_STRICT_OBJC_MSGSEND = YES;
				ENABLE_TESTABILITY = YES;
				GCC_C_LANGUAGE_STANDARD = gnu11;
				GCC_DYNAMIC_NO_PIC = NO;
				GCC_NO_COMMON_BLOCKS = YES;
				GCC_OPTIMIZATION_LEVEL = 0;
				GCC_PREPROCESSOR_DEFINITIONS = (
					"DEBUG=1",
					"$(inherited)",
				);
				GCC_WARN_64_TO_32_BIT_CONVERSION = YES;
				GCC_WARN_ABOUT_RETURN_TYPE = YES_ERROR;
				GCC_WARN_UNDECLARED_SELECTOR = YES;
				GCC_WARN_UNINITIALIZED_AUTOS = YES_AGGRESSIVE;
				GCC_WARN_UNUSED_FUNCTION = YES;
				GCC_WARN_UNUSED_VARIABLE = YES;
				IPHONEOS_DEPLOYMENT_TARGET = 16.0;
				MTL_ENABLE_DEBUG_INFO = INCLUDE_SOURCE;
				MTL_FAST_MATH = YES;
				ONLY_ACTIVE_ARCH = YES;
				SDKROOT = iphoneos;
				STRING_CATALOG_GENERATE_SYMBOLS = YES;
				SWIFT_ACTIVE_COMPILATION_CONDITIONS = DEBUG;
				SWIFT_OPTIMIZATION_LEVEL = "-Onone";
			};
			name = Debug;
		};
		099156F724BB996B0041938C /* Release */ = {
			isa = XCBuildConfiguration;
			buildSettings = {
				ALWAYS_SEARCH_USER_PATHS = NO;
				ASSETCATALOG_COMPILER_GENERATE_SWIFT_ASSET_SYMBOL_EXTENSIONS = YES;
				CLANG_ANALYZER_NONNULL = YES;
				CLANG_ANALYZER_NUMBER_OBJECT_CONVERSION = YES_AGGRESSIVE;
				CLANG_CXX_LANGUAGE_STANDARD = "gnu++14";
				CLANG_CXX_LIBRARY = "libc++";
				CLANG_ENABLE_MODULES = YES;
				CLANG_ENABLE_OBJC_ARC = YES;
				CLANG_ENABLE_OBJC_WEAK = YES;
				CLANG_WARN_BLOCK_CAPTURE_AUTORELEASING = YES;
				CLANG_WARN_BOOL_CONVERSION = YES;
				CLANG_WARN_COMMA = YES;
				CLANG_WARN_CONSTANT_CONVERSION = YES;
				CLANG_WARN_DEPRECATED_OBJC_IMPLEMENTATIONS = YES;
				CLANG_WARN_DIRECT_OBJC_ISA_USAGE = YES_ERROR;
				CLANG_WARN_DOCUMENTATION_COMMENTS = YES;
				CLANG_WARN_EMPTY_BODY = YES;
				CLANG_WARN_ENUM_CONVERSION = YES;
				CLANG_WARN_INFINITE_RECURSION = YES;
				CLANG_WARN_INT_CONVERSION = YES;
				CLANG_WARN_NON_LITERAL_NULL_CONVERSION = YES;
				CLANG_WARN_OBJC_IMPLICIT_RETAIN_SELF = YES;
				CLANG_WARN_OBJC_LITERAL_CONVERSION = YES;
				CLANG_WARN_OBJC_ROOT_CLASS = YES_ERROR;
				CLANG_WARN_QUOTED_INCLUDE_IN_FRAMEWORK_HEADER = YES;
				CLANG_WARN_RANGE_LOOP_ANALYSIS = YES;
				CLANG_WARN_STRICT_PROTOTYPES = YES;
				CLANG_WARN_SUSPICIOUS_MOVE = YES;
				CLANG_WARN_UNGUARDED_AVAILABILITY = YES_AGGRESSIVE;
				CLANG_WARN_UNREACHABLE_CODE = YES;
				CLANG_WARN__DUPLICATE_METHOD_MATCH = YES;
				COPY_PHASE_STRIP = NO;
				DEBUG_INFORMATION_FORMAT = "dwarf-with-dsym";
				DEVELOPMENT_TEAM = ZE7U5SKGNZ;
				ENABLE_NS_ASSERTIONS = NO;
				ENABLE_STRICT_OBJC_MSGSEND = YES;
				GCC_C_LANGUAGE_STANDARD = gnu11;
				GCC_NO_COMMON_BLOCKS = YES;
				GCC_WARN_64_TO_32_BIT_CONVERSION = YES;
				GCC_WARN_ABOUT_RETURN_TYPE = YES_ERROR;
				GCC_WARN_UNDECLARED_SELECTOR = YES;
				GCC_WARN_UNINITIALIZED_AUTOS = YES_AGGRESSIVE;
				GCC_WARN_UNUSED_FUNCTION = YES;
				GCC_WARN_UNUSED_VARIABLE = YES;
				IPHONEOS_DEPLOYMENT_TARGET = 16.0;
				MTL_ENABLE_DEBUG_INFO = NO;
				MTL_FAST_MATH = YES;
				SDKROOT = iphoneos;
				STRING_CATALOG_GENERATE_SYMBOLS = YES;
				SWIFT_COMPILATION_MODE = wholemodule;
				SWIFT_OPTIMIZATION_LEVEL = "-O";
				VALIDATE_PRODUCT = YES;
			};
			name = Release;
		};
		099156F924BB996B0041938C /* Debug */ = {
			isa = XCBuildConfiguration;
			buildSettings = {
				ASSETCATALOG_COMPILER_APPICON_NAME = AppIcon;
				ASSETCATALOG_COMPILER_INCLUDE_ALL_APPICON_ASSETS = YES;
				CODE_SIGN_ENTITLEMENTS = piny/piny.entitlements;
				CODE_SIGN_STYLE = Automatic;
				CURRENT_PROJECT_VERSION = 3;
				DEVELOPMENT_ASSET_PATHS = "\"Shared/Preview Content\"";
				ENABLE_PREVIEWS = YES;
				INFOPLIST_FILE = piny/Info.plist;
				IPHONEOS_DEPLOYMENT_TARGET = 17.6;
				LD_RUNPATH_SEARCH_PATHS = (
					"$(inherited)",
					"@executable_path/Frameworks",
				);
				PRODUCT_BUNDLE_IDENTIFIER = com.exah.piny;
				PRODUCT_NAME = "$(TARGET_NAME)";
				SUPPORTED_PLATFORMS = "iphoneos iphonesimulator";
				SUPPORTS_MACCATALYST = NO;
				SUPPORTS_MAC_DESIGNED_FOR_IPHONE_IPAD = NO;
				SUPPORTS_XR_DESIGNED_FOR_IPHONE_IPAD = NO;
				SWIFT_VERSION = 5.0;
				TARGETED_DEVICE_FAMILY = "1,2";
			};
			name = Debug;
		};
		099156FA24BB996B0041938C /* Release */ = {
			isa = XCBuildConfiguration;
			buildSettings = {
				ASSETCATALOG_COMPILER_APPICON_NAME = AppIcon;
				ASSETCATALOG_COMPILER_INCLUDE_ALL_APPICON_ASSETS = YES;
				CODE_SIGN_ENTITLEMENTS = piny/piny.entitlements;
				CODE_SIGN_STYLE = Automatic;
				CURRENT_PROJECT_VERSION = 3;
				DEVELOPMENT_ASSET_PATHS = "\"Shared/Preview Content\"";
				ENABLE_PREVIEWS = YES;
				INFOPLIST_FILE = piny/Info.plist;
				IPHONEOS_DEPLOYMENT_TARGET = 17.6;
				LD_RUNPATH_SEARCH_PATHS = (
					"$(inherited)",
					"@executable_path/Frameworks",
				);
				PRODUCT_BUNDLE_IDENTIFIER = com.exah.piny;
				PRODUCT_NAME = "$(TARGET_NAME)";
				SUPPORTED_PLATFORMS = "iphoneos iphonesimulator";
				SUPPORTS_MACCATALYST = NO;
				SUPPORTS_MAC_DESIGNED_FOR_IPHONE_IPAD = NO;
				SUPPORTS_XR_DESIGNED_FOR_IPHONE_IPAD = NO;
				SWIFT_VERSION = 5.0;
				TARGETED_DEVICE_FAMILY = "1,2";
			};
			name = Release;
		};
		09AC54592E54D2DE009902FA /* Debug */ = {
			isa = XCBuildConfiguration;
			buildSettings = {
				ASSETCATALOG_COMPILER_GENERATE_SWIFT_ASSET_SYMBOL_EXTENSIONS = YES;
				CLANG_CXX_LANGUAGE_STANDARD = "gnu++20";
				CODE_SIGN_ENTITLEMENTS = pinyShare/pinyShare.entitlements;
				CODE_SIGN_STYLE = Automatic;
				CURRENT_PROJECT_VERSION = 2;
				ENABLE_USER_SCRIPT_SANDBOXING = YES;
				GCC_C_LANGUAGE_STANDARD = gnu17;
				GENERATE_INFOPLIST_FILE = YES;
				INFOPLIST_FILE = pinyShare/Info.plist;
				INFOPLIST_KEY_CFBundleDisplayName = pinyShare;
				INFOPLIST_KEY_NSHumanReadableCopyright = "Copyright © 2025 John Grishin. All rights reserved.";
				IPHONEOS_DEPLOYMENT_TARGET = 17.6;
				LD_RUNPATH_SEARCH_PATHS = (
					"$(inherited)",
					"@executable_path/Frameworks",
					"@executable_path/../../Frameworks",
				);
				LOCALIZATION_PREFERS_STRING_CATALOGS = YES;
				MARKETING_VERSION = 1.0;
				PRODUCT_BUNDLE_IDENTIFIER = com.exah.piny.pinyShare;
				PRODUCT_NAME = "$(TARGET_NAME)";
				SKIP_INSTALL = YES;
				STRING_CATALOG_GENERATE_SYMBOLS = YES;
				SUPPORTED_PLATFORMS = "iphoneos iphonesimulator";
				SUPPORTS_MACCATALYST = NO;
				SUPPORTS_MAC_DESIGNED_FOR_IPHONE_IPAD = NO;
				SUPPORTS_XR_DESIGNED_FOR_IPHONE_IPAD = NO;
				SWIFT_ACTIVE_COMPILATION_CONDITIONS = "DEBUG $(inherited)";
				SWIFT_APPROACHABLE_CONCURRENCY = YES;
				SWIFT_EMIT_LOC_STRINGS = YES;
				SWIFT_UPCOMING_FEATURE_MEMBER_IMPORT_VISIBILITY = YES;
				SWIFT_VERSION = 5.0;
				TARGETED_DEVICE_FAMILY = "1,2";
			};
			name = Debug;
		};
		09AC545A2E54D2DE009902FA /* Release */ = {
			isa = XCBuildConfiguration;
			buildSettings = {
				ASSETCATALOG_COMPILER_GENERATE_SWIFT_ASSET_SYMBOL_EXTENSIONS = YES;
				CLANG_CXX_LANGUAGE_STANDARD = "gnu++20";
				CODE_SIGN_ENTITLEMENTS = pinyShare/pinyShare.entitlements;
				CODE_SIGN_STYLE = Automatic;
				CURRENT_PROJECT_VERSION = 2;
				ENABLE_USER_SCRIPT_SANDBOXING = YES;
				GCC_C_LANGUAGE_STANDARD = gnu17;
				GENERATE_INFOPLIST_FILE = YES;
				INFOPLIST_FILE = pinyShare/Info.plist;
				INFOPLIST_KEY_CFBundleDisplayName = pinyShare;
				INFOPLIST_KEY_NSHumanReadableCopyright = "Copyright © 2025 John Grishin. All rights reserved.";
				IPHONEOS_DEPLOYMENT_TARGET = 17.6;
				LD_RUNPATH_SEARCH_PATHS = (
					"$(inherited)",
					"@executable_path/Frameworks",
					"@executable_path/../../Frameworks",
				);
				LOCALIZATION_PREFERS_STRING_CATALOGS = YES;
				MARKETING_VERSION = 1.0;
				PRODUCT_BUNDLE_IDENTIFIER = com.exah.piny.pinyShare;
				PRODUCT_NAME = "$(TARGET_NAME)";
				SKIP_INSTALL = YES;
				STRING_CATALOG_GENERATE_SYMBOLS = YES;
				SUPPORTED_PLATFORMS = "iphoneos iphonesimulator";
				SUPPORTS_MACCATALYST = NO;
				SUPPORTS_MAC_DESIGNED_FOR_IPHONE_IPAD = NO;
				SUPPORTS_XR_DESIGNED_FOR_IPHONE_IPAD = NO;
				SWIFT_APPROACHABLE_CONCURRENCY = YES;
				SWIFT_EMIT_LOC_STRINGS = YES;
				SWIFT_UPCOMING_FEATURE_MEMBER_IMPORT_VISIBILITY = YES;
				SWIFT_VERSION = 5.0;
				TARGETED_DEVICE_FAMILY = "1,2";
			};
			name = Release;
		};
/* End XCBuildConfiguration section */

/* Begin XCConfigurationList section */
		099156C624BB99690041938C /* Build configuration list for PBXProject "piny" */ = {
			isa = XCConfigurationList;
			buildConfigurations = (
				099156F624BB996B0041938C /* Debug */,
				099156F724BB996B0041938C /* Release */,
			);
			defaultConfigurationIsVisible = 0;
			defaultConfigurationName = Release;
		};
		099156F824BB996B0041938C /* Build configuration list for PBXNativeTarget "piny" */ = {
			isa = XCConfigurationList;
			buildConfigurations = (
				099156F924BB996B0041938C /* Debug */,
				099156FA24BB996B0041938C /* Release */,
			);
			defaultConfigurationIsVisible = 0;
			defaultConfigurationName = Release;
		};
		09AC54582E54D2DE009902FA /* Build configuration list for PBXNativeTarget "pinyShare" */ = {
			isa = XCConfigurationList;
			buildConfigurations = (
				09AC54592E54D2DE009902FA /* Debug */,
				09AC545A2E54D2DE009902FA /* Release */,
			);
			defaultConfigurationIsVisible = 0;
			defaultConfigurationName = Release;
		};
/* End XCConfigurationList section */

/* Begin XCRemoteSwiftPackageReference section */
		094855D024D0E99F00C38309 /* XCRemoteSwiftPackageReference "PromiseKit" */ = {
			isa = XCRemoteSwiftPackageReference;
			repositoryURL = "https://github.com/mxcl/PromiseKit.git";
			requirement = {
				kind = upToNextMajorVersion;
				minimumVersion = 6.13.2;
			};
		};
/* End XCRemoteSwiftPackageReference section */

/* Begin XCSwiftPackageProductDependency section */
		094855D124D0E99F00C38309 /* PromiseKit */ = {
			isa = XCSwiftPackageProductDependency;
			package = 094855D024D0E99F00C38309 /* XCRemoteSwiftPackageReference "PromiseKit" */;
			productName = PromiseKit;
		};
		09AC54792E566099009902FA /* PromiseKit */ = {
			isa = XCSwiftPackageProductDependency;
			package = 094855D024D0E99F00C38309 /* XCRemoteSwiftPackageReference "PromiseKit" */;
			productName = PromiseKit;
		};
/* End XCSwiftPackageProductDependency section */

/* Begin XCVersionGroup section */
		099156D224BB99690041938C /* piny.xcdatamodeld */ = {
			isa = XCVersionGroup;
			children = (
				099156D324BB99690041938C /* piny.xcdatamodel */,
			);
			currentVersion = 099156D324BB99690041938C /* piny.xcdatamodel */;
			path = piny.xcdatamodeld;
			sourceTree = "<group>";
			versionGroupType = wrapper.xcdatamodel;
		};
/* End XCVersionGroup section */
	};
	rootObject = 099156C324BB99690041938C /* Project object */;
}
