{
  "originHash" : "31d298311640159d2fd30889b517957ecdf2cef7bc7274b427e0b02ea13d95af",
  "pins" : [
    {
      "identity" : "promisekit",
      "kind" : "remoteSourceControl",
      "location" : "https://github.com/mxcl/PromiseKit.git",
      "state" : {
        "revision" : "7b07b214dacecb22ca4b680531c7e981d52483f9",
        "version" : "6.16.3"
      }
    },
    {
      "identity" : "wrappinghstack",
      "kind" : "remoteSourceControl",
      "location" : "https://github.com/dkk/WrappingHStack",
      "state" : {
        "revision" : "425d9488ba55f58f0b34498c64c054c77fc2a44b",
        "version" : "2.2.11"
      }
    }
  ],
  "version" : 3
}
