{
  "originHash" : "33855519856eb145e879163ae6265bdc7a8aa6814fc5e14954a66e01836091d2",
  "pins" : [
    {
      "identity" : "promisekit",
      "kind" : "remoteSourceControl",
      "location" : "https://github.com/mxcl/PromiseKit.git",
      "state" : {
        "revision" : "7b07b214dacecb22ca4b680531c7e981d52483f9",
        "version" : "6.16.3"
      }
    }
  ],
  "version" : 3
}
